
Microsoft Visual Studio Solution File, Format Version 12.00
# Visual Studio Version 17
VisualStudioVersion = 17.0.32014.148
MinimumVisualStudioVersion = 10.0.40219.1
Project("{FAE04EC0-301F-11D3-BF4B-00C04F79EFBC}") = "exercicio6", "exercicio6\exercicio6.csproj", "{EDD558CF-B716-4A1B-8DD7-7C16764FF338}"
EndProject
Global
	GlobalSection(SolutionConfigurationPlatforms) = preSolution
		Debug|Any CPU = Debug|Any CPU
		Release|Any CPU = Release|Any CPU
	EndGlobalSection
	GlobalSection(ProjectConfigurationPlatforms) = postSolution
		{EDD558CF-B716-4A1B-8DD7-7C16764FF338}.Debug|Any CPU.ActiveCfg = Debug|Any CPU
		{EDD558CF-B716-4A1B-8DD7-7C16764FF338}.Debug|Any CPU.Build.0 = Debug|Any CPU
		{EDD558CF-B716-4A1B-8DD7-7C16764FF338}.Release|Any CPU.ActiveCfg = Release|Any CPU
		{EDD558CF-B716-4A1B-8DD7-7C16764FF338}.Release|Any CPU.Build.0 = Release|Any CPU
	EndGlobalSection
	GlobalSection(SolutionProperties) = preSolution
		HideSolutionNode = FALSE
	EndGlobalSection
	GlobalSection(ExtensibilityGlobals) = postSolution
		SolutionGuid = {96592A04-AB06-402A-AAF1-40A44BAC7F4F}
	EndGlobalSection
EndGlobal
